# THIS IS AN AUTOGENERATED FILE. DO NOT EDIT THIS FILE DIRECTLY.
# yarn lockfile v1


d3-array@^1.2.0:
  version "1.2.4"
  resolved "https://registry.yarnpkg.com/d3-array/-/d3-array-1.2.4.tgz#635ce4d5eea759f6f605863dbcfc30edc737f71f"
  integrity sha512-KHW6M86R+FUPYGb3R5XiYjXPq7VzwxZ22buHhAEVG5ztoEcZZMLov530mmccaqA1GghZArjQV46fuc8kUqhhHw==

d3-array@^2.4.0:
  version "2.8.0"
  resolved "https://registry.yarnpkg.com/d3-array/-/d3-array-2.8.0.tgz#f76e10ad47f1f4f75f33db5fc322eb9ffde5ef23"
  integrity sha512-6V272gsOeg7+9pTW1jSYOR1QE37g95I3my1hBmY+vOUNHRrk9yt4OTz/gK7PMkVAVDrYYq4mq3grTiZ8iJdNIw==

d3-collection@1:
  version "1.0.7"
  resolved "https://registry.yarnpkg.com/d3-collection/-/d3-collection-1.0.7.tgz#349bd2aa9977db071091c13144d5e4f16b5b310e"
  integrity sha512-ii0/r5f4sjKNTfh84Di+DpztYwqKhEyUlKoPrzUFfeSkWxjW49xU2QzO9qrPrNkpdI0XJkfzvmTu8V2Zylln6A==

d3-color@1:
  version "1.4.1"
  resolved "https://registry.yarnpkg.com/d3-color/-/d3-color-1.4.1.tgz#c52002bf8846ada4424d55d97982fef26eb3bc8a"
  integrity sha512-p2sTHSLCJI2QKunbGb7ocOh7DgTAn8IrLx21QRc/BSnodXM4sv6aLQlnfpvehFMLZEfBc6g9pH9SWQccFYfJ9Q==

d3-ease@^1.0.0:
  version "1.0.7"
  resolved "https://registry.yarnpkg.com/d3-ease/-/d3-ease-1.0.7.tgz#9a834890ef8b8ae8c558b2fe55bd57f5993b85e2"
  integrity sha512-lx14ZPYkhNx0s/2HX5sLFUI3mbasHjSSpwO/KaaNACweVwxUruKyWVcb293wMv1RqTPZyZ8kSZ2NogUZNcLOFQ==

d3-format@1:
  version "1.4.5"
  resolved "https://registry.yarnpkg.com/d3-format/-/d3-format-1.4.5.tgz#374f2ba1320e3717eb74a9356c67daee17a7edb4"
  integrity sha512-J0piedu6Z8iB6TbIGfZgDzfXxUFN3qQRMofy2oPdXzQibYGqPB/9iMcxr/TGalU+2RsyDO+U4f33id8tbnSRMQ==

d3-interpolate@1, d3-interpolate@^1.1.1:
  version "1.4.0"
  resolved "https://registry.yarnpkg.com/d3-interpolate/-/d3-interpolate-1.4.0.tgz#526e79e2d80daa383f9e0c1c1c7dcc0f0583e987"
  integrity sha512-V9znK0zc3jOPV4VD2zZn0sDhZU3WAE2bmlxdIwwQPPzPjvyLkd8B3JUVdS1IDUFDkWZ72c9qnv1GK2ZagTZ8EA==
  dependencies:
    d3-color "1"

d3-path@1:
  version "1.0.9"
  resolved "https://registry.yarnpkg.com/d3-path/-/d3-path-1.0.9.tgz#48c050bb1fe8c262493a8caf5524e3e9591701cf"
  integrity sha512-VLaYcn81dtHVTjEHd8B+pbe9yHWpXKZUC87PzoFmsFrJqgFwDe/qxfp5MlfsfM1V5E/iVt0MmEbWQ7FVIXh/bg==

d3-scale@^1.0.0:
  version "1.0.7"
  resolved "https://registry.yarnpkg.com/d3-scale/-/d3-scale-1.0.7.tgz#fa90324b3ea8a776422bd0472afab0b252a0945d"
  integrity sha512-KvU92czp2/qse5tUfGms6Kjig0AhHOwkzXG0+PqIJB3ke0WUv088AHMZI0OssO9NCkXt4RP8yju9rpH8aGB7Lw==
  dependencies:
    d3-array "^1.2.0"
    d3-collection "1"
    d3-color "1"
    d3-format "1"
    d3-interpolate "1"
    d3-time "1"
    d3-time-format "2"

d3-shape@^1.0.0, d3-shape@^1.2.0:
  version "1.3.7"
  resolved "https://registry.yarnpkg.com/d3-shape/-/d3-shape-1.3.7.tgz#df63801be07bc986bc54f63789b4fe502992b5d7"
  integrity sha512-EUkvKjqPFUAZyOlhY5gzCxCeI0Aep04LwIRpsZ/mLFelJiUfnK56jo5JMDSE7yyP2kLSb6LtF+S5chMk7uqPqw==
  dependencies:
    d3-path "1"

d3-time-format@2:
  version "2.3.0"
  resolved "https://registry.yarnpkg.com/d3-time-format/-/d3-time-format-2.3.0.tgz#107bdc028667788a8924ba040faf1fbccd5a7850"
  integrity sha512-guv6b2H37s2Uq/GefleCDtbe0XZAuy7Wa49VGkPVPMfLL9qObgBST3lEHJBMUp8S7NdLQAGIvr2KXk8Hc98iKQ==
  dependencies:
    d3-time "1"

d3-time@1:
  version "1.1.0"
  resolved "https://registry.yarnpkg.com/d3-time/-/d3-time-1.1.0.tgz#b1e19d307dae9c900b7e5b25ffc5dcc249a8a0f1"
  integrity sha512-Xh0isrZ5rPYYdqhAVk8VLnMEidhz5aP7htAADH6MfzgmmicPkTo8LhkLxci61/lCB7n7UmE3bN0leRt+qvkLxA==

d3-timer@^1.0.0:
  version "1.0.10"
  resolved "https://registry.yarnpkg.com/d3-timer/-/d3-timer-1.0.10.tgz#dfe76b8a91748831b13b6d9c793ffbd508dd9de5"
  integrity sha512-B1JDm0XDaQC+uvo4DT79H0XmBskgS3l6Ve+1SBCfxgmtIb1AVrPIoqd+nPSv+loMX8szQ0sVUhGngL7D5QPiXw==

d3-voronoi@^1.1.2:
  version "1.1.4"
  resolved "https://registry.yarnpkg.com/d3-voronoi/-/d3-voronoi-1.1.4.tgz#dd3c78d7653d2bb359284ae478645d95944c8297"
  integrity sha512-dArJ32hchFsrQ8uMiTBLq256MpnZjeuBtdHpaDlYuQyjU0CVzCJl/BVW+SkszaAeH95D/8gxqAhgx0ouAWAfRg==

delaunator@^4.0.0:
  version "4.0.1"
  resolved "https://registry.yarnpkg.com/delaunator/-/delaunator-4.0.1.tgz#3d779687f57919a7a418f8ab947d3bddb6846957"
  integrity sha512-WNPWi1IRKZfCt/qIDMfERkDp93+iZEmOxN2yy4Jg+Xhv8SLk2UTqqbe1sfiipn0and9QrE914/ihdx82Y/Giag==

delaunay-find@0.0.5:
  version "0.0.5"
  resolved "https://registry.yarnpkg.com/delaunay-find/-/delaunay-find-0.0.5.tgz#5fb37e6509da934881b4b16c08898ac89862c097"
  integrity sha512-7yAJ/wmKWj3SgqjtkGqT/RCwI0HWAo5YnHMoF5nYXD8cdci+YSo23iPmgrZUNOpDxRWN91PqxUvMMr2lKpjr+w==
  dependencies:
    delaunator "^4.0.0"

"js-tokens@^3.0.0 || ^4.0.0":
  version "4.0.0"
  resolved "https://registry.yarnpkg.com/js-tokens/-/js-tokens-4.0.0.tgz#19203fb59991df98e3a287050d4647cdeaf32499"
  integrity sha512-RdJUflcE3cUzKiMqQgsCu06FPu9UdIJO0beYbPhHN4k6apgJtifcoCtT9bcxOpYBtpD2kCM6Sbzg4CausW/PKQ==

json-stringify-safe@^5.0.1:
  version "5.0.1"
  resolved "https://registry.yarnpkg.com/json-stringify-safe/-/json-stringify-safe-5.0.1.tgz#1296a2d58fd45f19a0f6ce01d65701e2c735b6eb"
  integrity sha1-Epai1Y/UXxmg9s4B1lcB4sc1tus=

lodash@^4.17.19:
  version "4.17.20"
  resolved "https://registry.yarnpkg.com/lodash/-/lodash-4.17.20.tgz#b44a9b6297bcb698f1c51a3545a2b3b368d59c52"
  integrity sha512-PlhdFcillOINfeV7Ni6oF1TAEayyZBoZ8bcshTHqOYJYlrqzRK5hagpagky5o4HfCzzd1TRkXPMFq6cKk9rGmA==

loose-envify@^1.4.0:
  version "1.4.0"
  resolved "https://registry.yarnpkg.com/loose-envify/-/loose-envify-1.4.0.tgz#71ee51fa7be4caec1a63839f7e682d8132d30caf"
  integrity sha512-lyuxPGr/Wfhrlem2CL/UcnUc1zcqKAImBDzukY7Y5F/yQiNdko6+fRLevlw1HgMySw7f611UIY408EtxRSoK3Q==
  dependencies:
    js-tokens "^3.0.0 || ^4.0.0"

object-assign@^4.1.1:
  version "4.1.1"
  resolved "https://registry.yarnpkg.com/object-assign/-/object-assign-4.1.1.tgz#2109adc7965887cfc05cbbd442cac8bfbb360863"
  integrity sha1-IQmtx5ZYh8/AXLvUQsrIv7s2CGM=

prop-types@^15.5.8:
  version "15.7.2"
  resolved "https://registry.yarnpkg.com/prop-types/-/prop-types-15.7.2.tgz#52c41e75b8c87e72b9d9360e0206b99dcbffa6c5"
  integrity sha512-8QQikdH7//R2vurIJSutZ1smHYTcLpRWEOlHnzcWHmBYrOGUysKwSsrC89BCiFj3CbrfJ/nXFdJepOVrY1GCHQ==
  dependencies:
    loose-envify "^1.4.0"
    object-assign "^4.1.1"
    react-is "^16.8.1"

react-fast-compare@^2.0.0:
  version "2.0.4"
  resolved "https://registry.yarnpkg.com/react-fast-compare/-/react-fast-compare-2.0.4.tgz#e84b4d455b0fec113e0402c329352715196f81f9"
  integrity sha512-suNP+J1VU1MWFKcyt7RtjiSWUjvidmQSlqu+eHslq+342xCbGTYmC0mEhPCOHxlW0CywylOC1u2DFAT+bv4dBw==

react-is@^16.8.1:
  version "16.13.1"
  resolved "https://registry.yarnpkg.com/react-is/-/react-is-16.13.1.tgz#789729a4dc36de2999dc156dd6c1d9c18cea56a4"
  integrity sha512-24e6ynE2H+OKt4kqsOvNd8kBpV65zoxbA4BVsEOB3ARVWQki/DHzaUoC5KuON/BiccDaCCTZBuOcfZs70kR8bQ==

victory-area@^35.3.1:
  version "35.3.1"
  resolved "https://registry.yarnpkg.com/victory-area/-/victory-area-35.3.1.tgz#94bb9fae96c0e47b81c6f79b54fed0a7d84980ce"
  integrity sha512-5wZF7uesEHpgVJU2Irvx6ymCcs3XqZ5xb+Lqp4N54U23aj8LQuO+pmTXcoLMzGU/wEjh3bnpyCzkU1tsrW7BXg==
  dependencies:
    d3-shape "^1.2.0"
    lodash "^4.17.19"
    prop-types "^15.5.8"
    victory-core "^35.3.1"

victory-axis@^35.3.1:
  version "35.3.1"
  resolved "https://registry.yarnpkg.com/victory-axis/-/victory-axis-35.3.1.tgz#7b24d771fa8b78142b568de3349cd162277614e5"
  integrity sha512-6N9gw1U0HcO3vVX3xph+FYbAEVnG6S/CTFpbJxkjJVFN4bT7YtdXm7HRC7t+fAD26ijhZnPzkBbxNkgjGKWJwg==
  dependencies:
    lodash "^4.17.19"
    prop-types "^15.5.8"
    victory-core "^35.3.1"

victory-bar@^35.3.1:
  version "35.3.1"
  resolved "https://registry.yarnpkg.com/victory-bar/-/victory-bar-35.3.1.tgz#e2acd04fe85256faca433b329bca26dd08b5989e"
  integrity sha512-86+iUcMndp/WnrCwJ3Hhz4rY8WvJ5z1dEMSg9mYsTuiLI4Cj/XqPopJm9XpHgbxlW3rweVX7/1Q9tl9sGdcbHg==
  dependencies:
    d3-shape "^1.2.0"
    lodash "^4.17.19"
    prop-types "^15.5.8"
    victory-core "^35.3.1"

victory-box-plot@^35.3.1:
  version "35.3.1"
  resolved "https://registry.yarnpkg.com/victory-box-plot/-/victory-box-plot-35.3.1.tgz#76f0e4ba544afd679c759abc8c8e5ab9e0556582"
  integrity sha512-X4ZWVzhFw4X385TkFa9dbiSiCeR35oIOh24go597MC6qwjFYMGmDkOcqTilC/hi/FULpGkgTRwi354J4VrJktA==
  dependencies:
    d3-array "^1.2.0"
    lodash "^4.17.19"
    prop-types "^15.5.8"
    victory-core "^35.3.1"

victory-brush-container@^35.3.1:
  version "35.3.1"
  resolved "https://registry.yarnpkg.com/victory-brush-container/-/victory-brush-container-35.3.1.tgz#2dce340bcec7f14d5c3d3882380be3fa3e2e5c85"
  integrity sha512-imXPGTSa3bwEA/HAf0Jj01HR1edlJeCkOlmNw+I+63LHBFl3eS4S9XEkfISFRu62Xk+PimmBOamxyIbGCLzMvA==
  dependencies:
    lodash "^4.17.19"
    prop-types "^15.5.8"
    react-fast-compare "^2.0.0"
    victory-core "^35.3.1"

victory-brush-line@^35.3.1:
  version "35.3.1"
  resolved "https://registry.yarnpkg.com/victory-brush-line/-/victory-brush-line-35.3.1.tgz#8ba7cde719a6cdee92de059a099e8eaa1bff66de"
  integrity sha512-poXMk8NGY1aRvC5iFVrRSjtTWYo/Ok3vgu8GMpwZuob4W2kogsZwVcPl50a1k+hAT+0QpZTs/fyT2HjSSbXGOQ==
  dependencies:
    lodash "^4.17.19"
    prop-types "^15.5.8"
    react-fast-compare "^2.0.0"
    victory-core "^35.3.1"

victory-candlestick@^35.3.1:
  version "35.3.1"
  resolved "https://registry.yarnpkg.com/victory-candlestick/-/victory-candlestick-35.3.1.tgz#6c2f77702b9368487c49a754008b15e8e0e999f2"
  integrity sha512-la/XIJdB6MaOu6P8494JtydvpbzdWrz5qMHabMLweWYGSugbtLglBbnSKrM+hzwFQpozgkipzlyof0hsTYTtUA==
  dependencies:
    lodash "^4.17.19"
    prop-types "^15.5.8"
    victory-core "^35.3.1"

victory-chart@^35.3.1:
  version "35.3.1"
  resolved "https://registry.yarnpkg.com/victory-chart/-/victory-chart-35.3.1.tgz#a1391949cab33a4c5a9daef63763772788c7d682"
  integrity sha512-afZ3d/ppczTtBrTKpX6LmARFLHP0snbt5flfa4gvs7UmstGbXAtUWRdKp13JOTYYYR7guojj/+nI85uXC6uT7g==
  dependencies:
    lodash "^4.17.19"
    prop-types "^15.5.8"
    react-fast-compare "^2.0.0"
    victory-axis "^35.3.1"
    victory-core "^35.3.1"
    victory-polar-axis "^35.3.1"
    victory-shared-events "^35.3.1"

victory-core@^35.3.1:
  version "35.3.1"
  resolved "https://registry.yarnpkg.com/victory-core/-/victory-core-35.3.1.tgz#58b7a44c4e237def5dee9c5c947206cb2943ae72"
  integrity sha512-64JY6ZJnGWbxd4ENSecKzCSNjqJ7Hjv8zwAUir9IX+x6Vg/ehRXX43V7PEdMhOZCFRxidVjP0cCizcAfPfcEPQ==
  dependencies:
    d3-ease "^1.0.0"
    d3-interpolate "^1.1.1"
    d3-scale "^1.0.0"
    d3-shape "^1.2.0"
    d3-timer "^1.0.0"
    lodash "^4.17.19"
    prop-types "^15.5.8"
    react-fast-compare "^2.0.0"

victory-create-container@^35.3.1:
  version "35.3.1"
  resolved "https://registry.yarnpkg.com/victory-create-container/-/victory-create-container-35.3.1.tgz#ab42b6341b3ffdecbc6982664ebcb4dd63dd9f10"
  integrity sha512-IlEqS/46x9FGXh1JlRGNu344nEMLRLBA4oGnowvImHxaudI4S+3qB8rCfFeZrYeRNhNOnr0eBwzEI9jhcrN/uw==
  dependencies:
    lodash "^4.17.19"
    victory-brush-container "^35.3.1"
    victory-core "^35.3.1"
    victory-cursor-container "^35.3.1"
    victory-selection-container "^35.3.1"
    victory-voronoi-container "^35.3.1"
    victory-zoom-container "^35.3.1"

victory-cursor-container@^35.3.1:
  version "35.3.1"
  resolved "https://registry.yarnpkg.com/victory-cursor-container/-/victory-cursor-container-35.3.1.tgz#53d4bd654693399b6888fd063f7b76b54ffdeba9"
  integrity sha512-cCM9on44ei7vsZGyiyNXFrwoB6HyEGrG5Gy9O8ApCfbU/YZupZCg23Bt6GeMv2Iq1FzV/caLnQ7oe+RBZE/LWA==
  dependencies:
    lodash "^4.17.19"
    prop-types "^15.5.8"
    victory-core "^35.3.1"

victory-errorbar@^35.3.1:
  version "35.3.1"
  resolved "https://registry.yarnpkg.com/victory-errorbar/-/victory-errorbar-35.3.1.tgz#377d5da3ab1e3e6c0f5808768dc167b3b16f56a2"
  integrity sha512-9YfzlNRjGsAR1g2sJ//tZ89Rpox3V11d78L98pkucEdU+TR8xuNseQhKUxhUzPnx7WO91HdUqAp3Dt3GEhmc+A==
  dependencies:
    lodash "^4.17.19"
    prop-types "^15.5.8"
    victory-core "^35.3.1"

victory-group@^35.3.1:
  version "35.3.1"
  resolved "https://registry.yarnpkg.com/victory-group/-/victory-group-35.3.1.tgz#f8b7167868b950197b7f27df1081223a099fea51"
  integrity sha512-uRz7eVvfoQmQzGynYn5C9V74Ptmt0sr33gfD0afGIuLE+Fr11XBARqWGhh7gB6rP1TqZFXXwiAaTpLAhwGGQbw==
  dependencies:
    lodash "^4.17.19"
    prop-types "^15.5.8"
    react-fast-compare "^2.0.0"
    victory-core "^35.3.1"
    victory-shared-events "^35.3.1"

victory-histogram@^35.3.1:
  version "35.3.1"
  resolved "https://registry.yarnpkg.com/victory-histogram/-/victory-histogram-35.3.1.tgz#20a43732b9cfd3c25cc5f525c3f31c968c5439a2"
  integrity sha512-cp4pe5KvfslgUGEMtuBXDYBoOxGmresCyyPG4jonvfxPqOblyafilJKHx51rj7L1FIzEsnTIm3ebpbUG1LER0Q==
  dependencies:
    d3-array "^2.4.0"
    d3-scale "^1.0.0"
    lodash "^4.17.19"
    prop-types "^15.5.8"
    react-fast-compare "^2.0.0"
    victory-bar "^35.3.1"
    victory-core "^35.3.1"

victory-legend@^35.3.1:
  version "35.3.1"
  resolved "https://registry.yarnpkg.com/victory-legend/-/victory-legend-35.3.1.tgz#b2ee97e160e1bf3847978c713ba762bc45b15c5e"
  integrity sha512-0gsoA+Uyp0xV+bHybZKMN7nQen9lAEpTWE1AMYJFs/vKubEbQuEE0wqN0GiPUSHLiptjptUQ2ItynfhqA7ilOw==
  dependencies:
    lodash "^4.17.19"
    prop-types "^15.5.8"
    victory-core "^35.3.1"

victory-line@^35.3.1:
  version "35.3.1"
  resolved "https://registry.yarnpkg.com/victory-line/-/victory-line-35.3.1.tgz#06f8462879a9d2932388aca14b868a842c1a170a"
  integrity sha512-z+9VeQi9E0R1moT1Nt50A+J0rxz0O85m0a3ZBO+qjI/W1pwJoP4fOXuc+Vlw3RnFg8lNjOC+YK0b7aseIqqDOQ==
  dependencies:
    d3-shape "^1.2.0"
    lodash "^4.17.19"
    prop-types "^15.5.8"
    victory-core "^35.3.1"

victory-pie@^35.3.1:
  version "35.3.1"
  resolved "https://registry.yarnpkg.com/victory-pie/-/victory-pie-35.3.1.tgz#da54611db4cb8d4ec7bca875372e0c88ca4861fb"
  integrity sha512-boDFOuGIB+/ynVKp1CTFE3yf8bmVuv0IFT4xKhaqDcPaoaHKrhlMbWiPYFzlDXQzX88AppPSozB+Ol90u3QYMQ==
  dependencies:
    d3-shape "^1.0.0"
    lodash "^4.17.19"
    prop-types "^15.5.8"
    victory-core "^35.3.1"

victory-polar-axis@^35.3.1:
  version "35.3.1"
  resolved "https://registry.yarnpkg.com/victory-polar-axis/-/victory-polar-axis-35.3.1.tgz#056a7b91a2f39c59cf0cf31786a479dfa943321c"
  integrity sha512-MgJENIXUab5ZLY8o8uGIhXlDQ8cHXDJT8wi64RpIX3lyJVochJUBZLFsmmd5qTNsrHoarHssST6WLxfvjhbn+Q==
  dependencies:
    lodash "^4.17.19"
    prop-types "^15.5.8"
    victory-core "^35.3.1"

victory-scatter@^35.3.1:
  version "35.3.1"
  resolved "https://registry.yarnpkg.com/victory-scatter/-/victory-scatter-35.3.1.tgz#77f71f0576e0c55137891878a54e957b4a69dcc6"
  integrity sha512-NfAfdKSATCaVL4Do3CoDY3YEP9hoa3y+/dwAKQR2JnUqeDh44f4Fp+bK6r2pvIvpy2M8kN4Tk3cckzrz/6xPGA==
  dependencies:
    lodash "^4.17.19"
    prop-types "^15.5.8"
    victory-core "^35.3.1"

victory-selection-container@^35.3.1:
  version "35.3.1"
  resolved "https://registry.yarnpkg.com/victory-selection-container/-/victory-selection-container-35.3.1.tgz#d81baeaad896969c06ee4f7f194b1cd2ce85b7b8"
  integrity sha512-OKvA6+x7f8yi2OCp5IFw3xCylPnypXdJCkZgjKbvOhxh/QH4TjjWNY9Q6xHJPgA0NwbI5nMvUps0zty7pTcsTA==
  dependencies:
    lodash "^4.17.19"
    prop-types "^15.5.8"
    victory-core "^35.3.1"

victory-shared-events@^35.3.1:
  version "35.3.1"
  resolved "https://registry.yarnpkg.com/victory-shared-events/-/victory-shared-events-35.3.1.tgz#5b887681a938d8c4e2ee4b1c4bf50df28bd84f05"
  integrity sha512-5gBiR7iPS0ODdBapml91z3KNhj2uslVsmAJKCUSopzVB6BdcG0uFWJmb3G3Dhkn53VRgfXWYb57BNYFZTBzLAw==
  dependencies:
    json-stringify-safe "^5.0.1"
    lodash "^4.17.19"
    prop-types "^15.5.8"
    react-fast-compare "^2.0.0"
    victory-core "^35.3.1"

victory-stack@^35.3.1:
  version "35.3.1"
  resolved "https://registry.yarnpkg.com/victory-stack/-/victory-stack-35.3.1.tgz#9b0faffb10abf89304faaeb98e97feadd43e28f1"
  integrity sha512-EBejqWehG8eCdif3FuKbbLvhfGS1Yi0W1BCl/lYBTjPPdJFC5B+75K/48NpFALdxNoQJhv/f5mqmcPyFOew4UA==
  dependencies:
    lodash "^4.17.19"
    prop-types "^15.5.8"
    react-fast-compare "^2.0.0"
    victory-core "^35.3.1"
    victory-shared-events "^35.3.1"

victory-tooltip@^35.3.1:
  version "35.3.1"
  resolved "https://registry.yarnpkg.com/victory-tooltip/-/victory-tooltip-35.3.1.tgz#29406d86d89e4c0d2710bdb411996713294780d2"
  integrity sha512-F7nYYJIux7/VNyKa8oXFuFT/llvieRTwGKrZYpVAZ27XBOPuoHZTi5ukhXv1z4/x+nUvfOwReHDRdGGWQ8x5mA==
  dependencies:
    lodash "^4.17.19"
    prop-types "^15.5.8"
    victory-core "^35.3.1"

victory-voronoi-container@^35.3.1:
  version "35.3.1"
  resolved "https://registry.yarnpkg.com/victory-voronoi-container/-/victory-voronoi-container-35.3.1.tgz#32f9d9f27b28947fd21e985cb29c8e8a22334218"
  integrity sha512-gIFUHdV7FtH/CJX5R9LoaeZsgT2oKeS3q7xPko1ujTAY1undyi+nrO+n2zTYbuUcCEsDUQQbcqjecAgb1cZ60A==
  dependencies:
    delaunay-find "0.0.5"
    lodash "^4.17.19"
    prop-types "^15.5.8"
    react-fast-compare "^2.0.0"
    victory-core "^35.3.1"
    victory-tooltip "^35.3.1"

victory-voronoi@^35.3.1:
  version "35.3.1"
  resolved "https://registry.yarnpkg.com/victory-voronoi/-/victory-voronoi-35.3.1.tgz#3ff94d646805413fadc171685c83d6782c60050f"
  integrity sha512-XzLw+FGtahECvU7vxOLwIwRgANQRjS6HjxQes1teeQ6VJT+7brMGKSkCOYfAxMZWtAJMwQ4GxPcDuXBY1fZH7w==
  dependencies:
    d3-voronoi "^1.1.2"
    lodash "^4.17.19"
    prop-types "^15.5.8"
    victory-core "^35.3.1"

victory-zoom-container@^35.3.1:
  version "35.3.1"
  resolved "https://registry.yarnpkg.com/victory-zoom-container/-/victory-zoom-container-35.3.1.tgz#fc947442056d78b10496cf62063bdc3d4d721849"
  integrity sha512-5b9bDOI9MPgAxshLfd51dJ1T/w80JMzg7GAQsla4K9bGRWARo/Th4TnFvEWdaaz3AbA/vcB2A/aAZPvPCPw8lA==
  dependencies:
    lodash "^4.17.19"
    prop-types "^15.5.8"
    victory-core "^35.3.1"

victory@^35.3.1:
  version "35.3.1"
  resolved "https://registry.yarnpkg.com/victory/-/victory-35.3.1.tgz#6bd629e73e3121bfb930c5e7dba10d5f393db235"
  integrity sha512-CXDb+/8fH585YaUsVpNAzXEjVu1ZOG4S4L7B15pXMLjMb0Nt4I4sACzCY2WyRNO+Md0PIlEee7iZ5UdxuGCyCg==
  dependencies:
    victory-area "^35.3.1"
    victory-axis "^35.3.1"
    victory-bar "^35.3.1"
    victory-box-plot "^35.3.1"
    victory-brush-container "^35.3.1"
    victory-brush-line "^35.3.1"
    victory-candlestick "^35.3.1"
    victory-chart "^35.3.1"
    victory-core "^35.3.1"
    victory-create-container "^35.3.1"
    victory-cursor-container "^35.3.1"
    victory-errorbar "^35.3.1"
    victory-group "^35.3.1"
    victory-histogram "^35.3.1"
    victory-legend "^35.3.1"
    victory-line "^35.3.1"
    victory-pie "^35.3.1"
    victory-polar-axis "^35.3.1"
    victory-scatter "^35.3.1"
    victory-selection-container "^35.3.1"
    victory-shared-events "^35.3.1"
    victory-stack "^35.3.1"
    victory-tooltip "^35.3.1"
    victory-voronoi "^35.3.1"
    victory-voronoi-container "^35.3.1"
    victory-zoom-container "^35.3.1"
